
Microsoft Visual Studio Solution File, Format Version 12.00
# Visual Studio Version 17
VisualStudioVersion = 17.9.34728.123
MinimumVisualStudioVersion = 10.0.40219.1
Project("{FAE04EC0-301F-11D3-BF4B-00C04F79EFBC}") = "Presentacion", "Trabajofinal_Fundamentos\Presentacion.csproj", "{8708761C-8FDF-4F3A-9551-7508B2CD0DE2}"
EndProject
Project("{FAE04EC0-301F-11D3-BF4B-00C04F79EFBC}") = "Negocio", "Negocio\Negocio.csproj", "{898F2D8F-9A9F-4E0A-BE6E-288C6F0862CE}"
EndProject
Project("{FAE04EC0-301F-11D3-BF4B-00C04F79EFBC}") = "Entidades", "Entidades\Entidades.csproj", "{C1995DD7-B049-43B0-9EE5-4CAABAB8612E}"
EndProject
Project("{FAE04EC0-301F-11D3-BF4B-00C04F79EFBC}") = "Datos", "Datos\Datos.csproj", "{3CE765EF-4F4F-48DA-9F3E-258BA153A0CF}"
EndProject
Global
	GlobalSection(SolutionConfigurationPlatforms) = preSolution
		Debug|Any CPU = Debug|Any CPU
		Release|Any CPU = Release|Any CPU
	EndGlobalSection
	GlobalSection(ProjectConfigurationPlatforms) = postSolution
		{8708761C-8FDF-4F3A-9551-7508B2CD0DE2}.Debug|Any CPU.ActiveCfg = Debug|Any CPU
		{8708761C-8FDF-4F3A-9551-7508B2CD0DE2}.Debug|Any CPU.Build.0 = Debug|Any CPU
		{8708761C-8FDF-4F3A-9551-7508B2CD0DE2}.Release|Any CPU.ActiveCfg = Release|Any CPU
		{8708761C-8FDF-4F3A-9551-7508B2CD0DE2}.Release|Any CPU.Build.0 = Release|Any CPU
		{898F2D8F-9A9F-4E0A-BE6E-288C6F0862CE}.Debug|Any CPU.ActiveCfg = Debug|Any CPU
		{898F2D8F-9A9F-4E0A-BE6E-288C6F0862CE}.Debug|Any CPU.Build.0 = Debug|Any CPU
		{898F2D8F-9A9F-4E0A-BE6E-288C6F0862CE}.Release|Any CPU.ActiveCfg = Release|Any CPU
		{898F2D8F-9A9F-4E0A-BE6E-288C6F0862CE}.Release|Any CPU.Build.0 = Release|Any CPU
		{C1995DD7-B049-43B0-9EE5-4CAABAB8612E}.Debug|Any CPU.ActiveCfg = Debug|Any CPU
		{C1995DD7-B049-43B0-9EE5-4CAABAB8612E}.Debug|Any CPU.Build.0 = Debug|Any CPU
		{C1995DD7-B049-43B0-9EE5-4CAABAB8612E}.Release|Any CPU.ActiveCfg = Release|Any CPU
		{C1995DD7-B049-43B0-9EE5-4CAABAB8612E}.Release|Any CPU.Build.0 = Release|Any CPU
		{3CE765EF-4F4F-48DA-9F3E-258BA153A0CF}.Debug|Any CPU.ActiveCfg = Debug|Any CPU
		{3CE765EF-4F4F-48DA-9F3E-258BA153A0CF}.Debug|Any CPU.Build.0 = Debug|Any CPU
		{3CE765EF-4F4F-48DA-9F3E-258BA153A0CF}.Release|Any CPU.ActiveCfg = Release|Any CPU
		{3CE765EF-4F4F-48DA-9F3E-258BA153A0CF}.Release|Any CPU.Build.0 = Release|Any CPU
	EndGlobalSection
	GlobalSection(SolutionProperties) = preSolution
		HideSolutionNode = FALSE
	EndGlobalSection
	GlobalSection(ExtensibilityGlobals) = postSolution
		SolutionGuid = {C6B4CA98-3080-416F-BED8-6A230719615A}
	EndGlobalSection
EndGlobal
